// !$*UTF8*$!
{
	archiveVersion = 1;
	classes = {
	};
	objectVersion = 46;
	objects = {

/* Begin PBXBuildFile section */
		54F421871C1A2C8400AC9671 /* AppDelegate.swift in Sources */ = {isa = PBXBuildFile; fileRef = 54F421861C1A2C8400AC9671 /* AppDelegate.swift */; };
		54F421891C1A2C8400AC9671 /* ViewController.swift in Sources */ = {isa = PBXBuildFile; fileRef = 54F421881C1A2C8400AC9671 /* ViewController.swift */; };
		54F4218C1C1A2C8400AC9671 /* Main.storyboard in Resources */ = {isa = PBXBuildFile; fileRef = 54F4218A1C1A2C8400AC9671 /* Main.storyboard */; };
		54F4218E1C1A2C8400AC9671 /* Assets.xcassets in Resources */ = {isa = PBXBuildFile; fileRef = 54F4218D1C1A2C8400AC9671 /* Assets.xcassets */; };
		54F421911C1A2C8400AC9671 /* LaunchScreen.storyboard in Resources */ = {isa = PBXBuildFile; fileRef = 54F4218F1C1A2C8400AC9671 /* LaunchScreen.storyboard */; };
		54F4219C1C1A2C8500AC9671 /* BLEtest1Tests.swift in Sources */ = {isa = PBXBuildFile; fileRef = 54F4219B1C1A2C8500AC9671 /* BLEtest1Tests.swift */; };
		54F421A71C1A2C8500AC9671 /* BLEtest1UITests.swift in Sources */ = {isa = PBXBuildFile; fileRef = 54F421A61C1A2C8500AC9671 /* BLEtest1UITests.swift */; };
/* End PBXBuildFile section */

/* Begin PBXContainerItemProxy section */
		54F421981C1A2C8500AC9671 /* PBXContainerItemProxy */ = {
			isa = PBXContainerItemProxy;
			containerPortal = 54F4217B1C1A2C8300AC9671 /* Project object */;
			proxyType = 1;
			remoteGlobalIDString = 54F421821C1A2C8300AC9671;
			remoteInfo = BLEtest1;
		};
		54F421A31C1A2C8500AC9671 /* PBXContainerItemProxy */ = {
			isa = PBXContainerItemProxy;
			containerPortal = 54F4217B1C1A2C8300AC9671 /* Project object */;
			proxyType = 1;
			remoteGlobalIDString = 54F421821C1A2C8300AC9671;
			remoteInfo = BLEtest1;
		};
/* End PBXContainerItemProxy section */

/* Begin PBXFileReference section */
		54F421831C1A2C8400AC9671 /* BLEtest1.app */ = {isa = PBXFileReference; explicitFileType = wrapper.application; includeInIndex = 0; path = BLEtest1.app; sourceTree = BUILT_PRODUCTS_DIR; };
		54F421861C1A2C8400AC9671 /* AppDelegate.swift */ = {isa = PBXFileReference; lastKnownFileType = sourcecode.swift; path = AppDelegate.swift; sourceTree = "<group>"; };
		54F421881C1A2C8400AC9671 /* ViewController.swift */ = {isa = PBXFileReference; lastKnownFileType = sourcecode.swift; path = ViewController.swift; sourceTree = "<group>"; };
		54F4218B1C1A2C8400AC9671 /* Base */ = {isa = PBXFileReference; lastKnownFileType = file.storyboard; name = Base; path = Base.lproj/Main.storyboard; sourceTree = "<group>"; };
		54F4218D1C1A2C8400AC9671 /* Assets.xcassets */ = {isa = PBXFileReference; lastKnownFileType = folder.assetcatalog; path = Assets.xcassets; sourceTree = "<group>"; };
		54F421901C1A2C8400AC9671 /* Base */ = {isa = PBXFileReference; lastKnownFileType = file.storyboard; name = Base; path = Base.lproj/LaunchScreen.storyboard; sourceTree = "<group>"; };
		54F421921C1A2C8400AC9671 /* Info.plist */ = {isa = PBXFileReference; lastKnownFileType = text.plist.xml; path = Info.plist; sourceTree = "<group>"; };
		54F421971C1A2C8500AC9671 /* BLEtest1Tests.xctest */ = {isa = PBXFileReference; explicitFileType = wrapper.cfbundle; includeInIndex = 0; path = BLEtest1Tests.xctest; sourceTree = BUILT_PRODUCTS_DIR; };
		54F4219B1C1A2C8500AC9671 /* BLEtest1Tests.swift */ = {isa = PBXFileReference; lastKnownFileType = sourcecode.swift; path = BLEtest1Tests.swift; sourceTree = "<group>"; };
		54F4219D1C1A2C8500AC9671 /* Info.plist */ = {isa = PBXFileReference; lastKnownFileType = text.plist.xml; path = Info.plist; sourceTree = "<group>"; };
		54F421A21C1A2C8500AC9671 /* BLEtest1UITests.xctest */ = {isa = PBXFileReference; explicitFileType = wrapper.cfbundle; includeInIndex = 0; path = BLEtest1UITests.xctest; sourceTree = BUILT_PRODUCTS_DIR; };
		54F421A61C1A2C8500AC9671 /* BLEtest1UITests.swift */ = {isa = PBXFileReference; lastKnownFileType = sourcecode.swift; path = BLEtest1UITests.swift; sourceTree = "<group>"; };
		54F421A81C1A2C8500AC9671 /* Info.plist */ = {isa = PBXFileReference; lastKnownFileType = text.plist.xml; path = Info.plist; sourceTree = "<group>"; };
/* End PBXFileReference section */

/* Begin PBXFrameworksBuildPhase section */
		54F421801C1A2C8300AC9671 /* Frameworks */ = {
			isa = PBXFrameworksBuildPhase;
			buildActionMask = 2147483647;
			files = (
			);
			runOnlyForDeploymentPostprocessing = 0;
		};
		54F421941C1A2C8500AC9671 /* Frameworks */ = {
			isa = PBXFrameworksBuildPhase;
			buildActionMask = 2147483647;
			files = (
			);
			runOnlyForDeploymentPostprocessing = 0;
		};
		54F4219F1C1A2C8500AC9671 /* Frameworks */ = {
			isa = PBXFrameworksBuildPhase;
			buildActionMask = 2147483647;
			files = (
			);
			runOnlyForDeploymentPostprocessing = 0;
		};
/* End PBXFrameworksBuildPhase section */

/* Begin PBXGroup section */
		54F4217A1C1A2C8300AC9671 = {
			isa = PBXGroup;
			children = (
				54F421851C1A2C8400AC9671 /* BLEtest1 */,
				54F4219A1C1A2C8500AC9671 /* BLEtest1Tests */,
				54F421A51C1A2C8500AC9671 /* BLEtest1UITests */,
				54F421841C1A2C8400AC9671 /* Products */,
			);
			sourceTree = "<group>";
		};
		54F421841C1A2C8400AC9671 /* Products */ = {
			isa = PBXGroup;
			children = (
				54F421831C1A2C8400AC9671 /* BLEtest1.app */,
				54F421971C1A2C8500AC9671 /* BLEtest1Tests.xctest */,
				54F421A21C1A2C8500AC9671 /* BLEtest1UITests.xctest */,
			);
			name = Products;
			sourceTree = "<group>";
		};
		54F421851C1A2C8400AC9671 /* BLEtest1 */ = {
			isa = PBXGroup;
			children = (
				54F421861C1A2C8400AC9671 /* AppDelegate.swift */,
				54F421881C1A2C8400AC9671 /* ViewController.swift */,
				54F4218A1C1A2C8400AC9671 /* Main.storyboard */,
				54F4218D1C1A2C8400AC9671 /* Assets.xcassets */,
				54F4218F1C1A2C8400AC9671 /* LaunchScreen.storyboard */,
				54F421921C1A2C8400AC9671 /* Info.plist */,
			);
			path = BLEtest1;
			sourceTree = "<group>";
		};
		54F4219A1C1A2C8500AC9671 /* BLEtest1Tests */ = {
			isa = PBXGroup;
			children = (
				54F4219B1C1A2C8500AC9671 /* BLEtest1Tests.swift */,
				54F4219D1C1A2C8500AC9671 /* Info.plist */,
			);
			path = BLEtest1Tests;
			sourceTree = "<group>";
		};
		54F421A51C1A2C8500AC9671 /* BLEtest1UITests */ = {
			isa = PBXGroup;
			children = (
				54F421A61C1A2C8500AC9671 /* BLEtest1UITests.swift */,
				54F421A81C1A2C8500AC9671 /* Info.plist */,
			);
			path = BLEtest1UITests;
			sourceTree = "<group>";
		};
/* End PBXGroup section */

/* Begin PBXNativeTarget section */
		54F421821C1A2C8300AC9671 /* BLEtest1 */ = {
			isa = PBXNativeTarget;
			buildConfigurationList = 54F421AB1C1A2C8500AC9671 /* Build configuration list for PBXNativeTarget "BLEtest1" */;
			buildPhases = (
				54F4217F1C1A2C8300AC9671 /* Sources */,
				54F421801C1A2C8300AC9671 /* Frameworks */,
				54F421811C1A2C8300AC9671 /* Resources */,
			);
			buildRules = (
			);
			dependencies = (
			);
			name = BLEtest1;
			productName = BLEtest1;
			productReference = 54F421831C1A2C8400AC9671 /* BLEtest1.app */;
			productType = "com.apple.product-type.application";
		};
		54F421961C1A2C8500AC9671 /* BLEtest1Tests */ = {
			isa = PBXNativeTarget;
			buildConfigurationList = 54F421AE1C1A2C8500AC9671 /* Build configuration list for PBXNativeTarget "BLEtest1Tests" */;
			buildPhases = (
				54F421931C1A2C8500AC9671 /* Sources */,
				54F421941C1A2C8500AC9671 /* Frameworks */,
				54F421951C1A2C8500AC9671 /* Resources */,
			);
			buildRules = (
			);
			dependencies = (
				54F421991C1A2C8500AC9671 /* PBXTargetDependency */,
			);
			name = BLEtest1Tests;
			productName = BLEtest1Tests;
			productReference = 54F421971C1A2C8500AC9671 /* BLEtest1Tests.xctest */;
			productType = "com.apple.product-type.bundle.unit-test";
		};
		54F421A11C1A2C8500AC9671 /* BLEtest1UITests */ = {
			isa = PBXNativeTarget;
			buildConfigurationList = 54F421B11C1A2C8500AC9671 /* Build configuration list for PBXNativeTarget "BLEtest1UITests" */;
			buildPhases = (
				54F4219E1C1A2C8500AC9671 /* Sources */,
				54F4219F1C1A2C8500AC9671 /* Frameworks */,
				54F421A01C1A2C8500AC9671 /* Resources */,
			);
			buildRules = (
			);
			dependencies = (
				54F421A41C1A2C8500AC9671 /* PBXTargetDependency */,
			);
			name = BLEtest1UITests;
			productName = BLEtest1UITests;
			productReference = 54F421A21C1A2C8500AC9671 /* BLEtest1UITests.xctest */;
			productType = "com.apple.product-type.bundle.ui-testing";
		};
/* End PBXNativeTarget section */

/* Begin PBXProject section */
		54F4217B1C1A2C8300AC9671 /* Project object */ = {
			isa = PBXProject;
			attributes = {
				LastSwiftUpdateCheck = 0710;
				LastUpgradeCheck = 0710;
				ORGANIZATIONNAME = "iTel Companies, Inc.";
				TargetAttributes = {
					54F421821C1A2C8300AC9671 = {
						CreatedOnToolsVersion = 7.1;
					};
					54F421961C1A2C8500AC9671 = {
						CreatedOnToolsVersion = 7.1;
						TestTargetID = 54F421821C1A2C8300AC9671;
					};
					54F421A11C1A2C8500AC9671 = {
						CreatedOnToolsVersion = 7.1;
						TestTargetID = 54F421821C1A2C8300AC9671;
					};
				};
			};
			buildConfigurationList = 54F4217E1C1A2C8300AC9671 /* Build configuration list for PBXProject "BLEtest1" */;
			compatibilityVersion = "Xcode 3.2";
			developmentRegion = English;
			hasScannedForEncodings = 0;
			knownRegions = (
				en,
				Base,
			);
			mainGroup = 54F4217A1C1A2C8300AC9671;
			productRefGroup = 54F421841C1A2C8400AC9671 /* Products */;
			projectDirPath = "";
			projectRoot = "";
			targets = (
				54F421821C1A2C8300AC9671 /* BLEtest1 */,
				54F421961C1A2C8500AC9671 /* BLEtest1Tests */,
				54F421A11C1A2C8500AC9671 /* BLEtest1UITests */,
			);
		};
/* End PBXProject section */

/* Begin PBXResourcesBuildPhase section */
		54F421811C1A2C8300AC9671 /* Resources */ = {
			isa = PBXResourcesBuildPhase;
			buildActionMask = 2147483647;
			files = (
				54F421911C1A2C8400AC9671 /* LaunchScreen.storyboard in Resources */,
				54F4218E1C1A2C8400AC9671 /* Assets.xcassets in Resources */,
				54F4218C1C1A2C8400AC9671 /* Main.storyboard in Resources */,
			);
			runOnlyForDeploymentPostprocessing = 0;
		};
		54F421951C1A2C8500AC9671 /* Resources */ = {
			isa = PBXResourcesBuildPhase;
			buildActionMask = 2147483647;
			files = (
			);
			runOnlyForDeploymentPostprocessing = 0;
		};
		54F421A01C1A2C8500AC9671 /* Resources */ = {
			isa = PBXResourcesBuildPhase;
			buildActionMask = 2147483647;
			files = (
			);
			runOnlyForDeploymentPostprocessing = 0;
		};
/* End PBXResourcesBuildPhase section */

/* Begin PBXSourcesBuildPhase section */
		54F4217F1C1A2C8300AC9671 /* Sources */ = {
			isa = PBXSourcesBuildPhase;
			buildActionMask = 2147483647;
			files = (
				54F421891C1A2C8400AC9671 /* ViewController.swift in Sources */,
				54F421871C1A2C8400AC9671 /* AppDelegate.swift in Sources */,
			);
			runOnlyForDeploymentPostprocessing = 0;
		};
		54F421931C1A2C8500AC9671 /* Sources */ = {
			isa = PBXSourcesBuildPhase;
			buildActionMask = 2147483647;
			files = (
				54F4219C1C1A2C8500AC9671 /* BLEtest1Tests.swift in Sources */,
			);
			runOnlyForDeploymentPostprocessing = 0;
		};
		54F4219E1C1A2C8500AC9671 /* Sources */ = {
			isa = PBXSourcesBuildPhase;
			buildActionMask = 2147483647;
			files = (
				54F421A71C1A2C8500AC9671 /* BLEtest1UITests.swift in Sources */,
			);
			runOnlyForDeploymentPostprocessing = 0;
		};
/* End PBXSourcesBuildPhase section */

/* Begin PBXTargetDependency section */
		54F421991C1A2C8500AC9671 /* PBXTargetDependency */ = {
			isa = PBXTargetDependency;
			target = 54F421821C1A2C8300AC9671 /* BLEtest1 */;
			targetProxy = 54F421981C1A2C8500AC9671 /* PBXContainerItemProxy */;
		};
		54F421A41C1A2C8500AC9671 /* PBXTargetDependency */ = {
			isa = PBXTargetDependency;
			target = 54F421821C1A2C8300AC9671 /* BLEtest1 */;
			targetProxy = 54F421A31C1A2C8500AC9671 /* PBXContainerItemProxy */;
		};
/* End PBXTargetDependency section */

/* Begin PBXVariantGroup section */
		54F4218A1C1A2C8400AC9671 /* Main.storyboard */ = {
			isa = PBXVariantGroup;
			children = (
				54F4218B1C1A2C8400AC9671 /* Base */,
			);
			name = Main.storyboard;
			sourceTree = "<group>";
		};
		54F4218F1C1A2C8400AC9671 /* LaunchScreen.storyboard */ = {
			isa = PBXVariantGroup;
			children = (
				54F421901C1A2C8400AC9671 /* Base */,
			);
			name = LaunchScreen.storyboard;
			sourceTree = "<group>";
		};
/* End PBXVariantGroup section */

/* Begin XCBuildConfiguration section */
		54F421A91C1A2C8500AC9671 /* Debug */ = {
			isa = XCBuildConfiguration;
			buildSettings = {
				ALWAYS_SEARCH_USER_PATHS = NO;
				CLANG_CXX_LANGUAGE_STANDARD = "gnu++0x";
				CLANG_CXX_LIBRARY = "libc++";
				CLANG_ENABLE_MODULES = YES;
				CLANG_ENABLE_OBJC_ARC = YES;
				CLANG_WARN_BOOL_CONVERSION = YES;
				CLANG_WARN_CONSTANT_CONVERSION = YES;
				CLANG_WARN_DIRECT_OBJC_ISA_USAGE = YES_ERROR;
				CLANG_WARN_EMPTY_BODY = YES;
				CLANG_WARN_ENUM_CONVERSION = YES;
				CLANG_WARN_INT_CONVERSION = YES;
				CLANG_WARN_OBJC_ROOT_CLASS = YES_ERROR;
				CLANG_WARN_UNREACHABLE_CODE = YES;
				CLANG_WARN__DUPLICATE_METHOD_MATCH = YES;
				"CODE_SIGN_IDENTITY[sdk=iphoneos*]" = "iPhone Developer";
				COPY_PHASE_STRIP = NO;
				DEBUG_INFORMATION_FORMAT = dwarf;
				ENABLE_STRICT_OBJC_MSGSEND = YES;
				ENABLE_TESTABILITY = YES;
				GCC_C_LANGUAGE_STANDARD = gnu99;
				GCC_DYNAMIC_NO_PIC = NO;
				GCC_NO_COMMON_BLOCKS = YES;
				GCC_OPTIMIZATION_LEVEL = 0;
				GCC_PREPROCESSOR_DEFINITIONS = (
					"DEBUG=1",
					"$(inherited)",
				);
				GCC_WARN_64_TO_32_BIT_CONVERSION = YES;
				GCC_WARN_ABOUT_RETURN_TYPE = YES_ERROR;
				GCC_WARN_UNDECLARED_SELECTOR = YES;
				GCC_WARN_UNINITIALIZED_AUTOS = YES_AGGRESSIVE;
				GCC_WARN_UNUSED_FUNCTION = YES;
				GCC_WARN_UNUSED_VARIABLE = YES;
				IPHONEOS_DEPLOYMENT_TARGET = 9.1;
				MTL_ENABLE_DEBUG_INFO = YES;
				ONLY_ACTIVE_ARCH = YES;
				SDKROOT = iphoneos;
				SWIFT_OPTIMIZATION_LEVEL = "-Onone";
				TARGETED_DEVICE_FAMILY = "1,2";
			};
			name = Debug;
		};
		54F421AA1C1A2C8500AC9671 /* Release */ = {
			isa = XCBuildConfiguration;
			buildSettings = {
				ALWAYS_SEARCH_USER_PATHS = NO;
				CLANG_CXX_LANGUAGE_STANDARD = "gnu++0x";
				CLANG_CXX_LIBRARY = "libc++";
				CLANG_ENABLE_MODULES = YES;
				CLANG_ENABLE_OBJC_ARC = YES;
				CLANG_WARN_BOOL_CONVERSION = YES;
				CLANG_WARN_CONSTANT_CONVERSION = YES;
				CLANG_WARN_DIRECT_OBJC_ISA_USAGE = YES_ERROR;
				CLANG_WARN_EMPTY_BODY = YES;
				CLANG_WARN_ENUM_CONVERSION = YES;
				CLANG_WARN_INT_CONVERSION = YES;
				CLANG_WARN_OBJC_ROOT_CLASS = YES_ERROR;
				CLANG_WARN_UNREACHABLE_CODE = YES;
				CLANG_WARN__DUPLICATE_METHOD_MATCH = YES;
				"CODE_SIGN_IDENTITY[sdk=iphoneos*]" = "iPhone Developer";
				COPY_PHASE_STRIP = NO;
				DEBUG_INFORMATION_FORMAT = "dwarf-with-dsym";
				ENABLE_NS_ASSERTIONS = NO;
				ENABLE_STRICT_OBJC_MSGSEND = YES;
				GCC_C_LANGUAGE_STANDARD = gnu99;
				GCC_NO_COMMON_BLOCKS = YES;
				GCC_WARN_64_TO_32_BIT_CONVERSION = YES;
				GCC_WARN_ABOUT_RETURN_TYPE = YES_ERROR;
				GCC_WARN_UNDECLARED_SELECTOR = YES;
				GCC_WARN_UNINITIALIZED_AUTOS = YES_AGGRESSIVE;
				GCC_WARN_UNUSED_FUNCTION = YES;
				GCC_WARN_UNUSED_VARIABLE = YES;
				IPHONEOS_DEPLOYMENT_TARGET = 9.1;
				MTL_ENABLE_DEBUG_INFO = NO;
				SDKROOT = iphoneos;
				TARGETED_DEVICE_FAMILY = "1,2";
				VALIDATE_PRODUCT = YES;
			};
			name = Release;
		};
		54F421AC1C1A2C8500AC9671 /* Debug */ = {
			isa = XCBuildConfiguration;
			buildSettings = {
				ASSETCATALOG_COMPILER_APPICON_NAME = AppIcon;
				INFOPLIST_FILE = BLEtest1/Info.plist;
				LD_RUNPATH_SEARCH_PATHS = "$(inherited) @executable_path/Frameworks";
				PRODUCT_BUNDLE_IDENTIFIER = com.itel.BLEtest1;
				PRODUCT_NAME = "$(TARGET_NAME)";
			};
			name = Debug;
		};
		54F421AD1C1A2C8500AC9671 /* Release */ = {
			isa = XCBuildConfiguration;
			buildSettings = {
				ASSETCATALOG_COMPILER_APPICON_NAME = AppIcon;
				INFOPLIST_FILE = BLEtest1/Info.plist;
				LD_RUNPATH_SEARCH_PATHS = "$(inherited) @executable_path/Frameworks";
				PRODUCT_BUNDLE_IDENTIFIER = com.itel.BLEtest1;
				PRODUCT_NAME = "$(TARGET_NAME)";
			};
			name = Release;
		};
		54F421AF1C1A2C8500AC9671 /* Debug */ = {
			isa = XCBuildConfiguration;
			buildSettings = {
				BUNDLE_LOADER = "$(TEST_HOST)";
				INFOPLIST_FILE = BLEtest1Tests/Info.plist;
				LD_RUNPATH_SEARCH_PATHS = "$(inherited) @executable_path/Frameworks @loader_path/Frameworks";
				PRODUCT_BUNDLE_IDENTIFIER = com.itel.BLEtest1Tests;
				PRODUCT_NAME = "$(TARGET_NAME)";
				TEST_HOST = "$(BUILT_PRODUCTS_DIR)/BLEtest1.app/BLEtest1";
			};
			name = Debug;
		};
		54F421B01C1A2C8500AC9671 /* Release */ = {
			isa = XCBuildConfiguration;
			buildSettings = {
				BUNDLE_LOADER = "$(TEST_HOST)";
				INFOPLIST_FILE = BLEtest1Tests/Info.plist;
				LD_RUNPATH_SEARCH_PATHS = "$(inherited) @executable_path/Frameworks @loader_path/Frameworks";
				PRODUCT_BUNDLE_IDENTIFIER = com.itel.BLEtest1Tests;
				PRODUCT_NAME = "$(TARGET_NAME)";
				TEST_HOST = "$(BUILT_PRODUCTS_DIR)/BLEtest1.app/BLEtest1";
			};
			name = Release;
		};
		54F421B21C1A2C8500AC9671 /* Debug */ = {
			isa = XCBuildConfiguration;
			buildSettings = {
				INFOPLIST_FILE = BLEtest1UITests/Info.plist;
				LD_RUNPATH_SEARCH_PATHS = "$(inherited) @executable_path/Frameworks @loader_path/Frameworks";
				PRODUCT_BUNDLE_IDENTIFIER = com.itel.BLEtest1UITests;
				PRODUCT_NAME = "$(TARGET_NAME)";
				TEST_TARGET_NAME = BLEtest1;
				USES_XCTRUNNER = YES;
			};
			name = Debug;
		};
		54F421B31C1A2C8500AC9671 /* Release */ = {
			isa = XCBuildConfiguration;
			buildSettings = {
				INFOPLIST_FILE = BLEtest1UITests/Info.plist;
				LD_RUNPATH_SEARCH_PATHS = "$(inherited) @executable_path/Frameworks @loader_path/Frameworks";
				PRODUCT_BUNDLE_IDENTIFIER = com.itel.BLEtest1UITests;
				PRODUCT_NAME = "$(TARGET_NAME)";
				TEST_TARGET_NAME = BLEtest1;
				USES_XCTRUNNER = YES;
			};
			name = Release;
		};
/* End XCBuildConfiguration section */

/* Begin XCConfigurationList section */
		54F4217E1C1A2C8300AC9671 /* Build configuration list for PBXProject "BLEtest1" */ = {
			isa = XCConfigurationList;
			buildConfigurations = (
				54F421A91C1A2C8500AC9671 /* Debug */,
				54F421AA1C1A2C8500AC9671 /* Release */,
			);
			defaultConfigurationIsVisible = 0;
			defaultConfigurationName = Release;
		};
		54F421AB1C1A2C8500AC9671 /* Build configuration list for PBXNativeTarget "BLEtest1" */ = {
			isa = XCConfigurationList;
			buildConfigurations = (
				54F421AC1C1A2C8500AC9671 /* Debug */,
				54F421AD1C1A2C8500AC9671 /* Release */,
			);
			defaultConfigurationIsVisible = 0;
		};
		54F421AE1C1A2C8500AC9671 /* Build configuration list for PBXNativeTarget "BLEtest1Tests" */ = {
			isa = XCConfigurationList;
			buildConfigurations = (
				54F421AF1C1A2C8500AC9671 /* Debug */,
				54F421B01C1A2C8500AC9671 /* Release */,
			);
			defaultConfigurationIsVisible = 0;
		};
		54F421B11C1A2C8500AC9671 /* Build configuration list for PBXNativeTarget "BLEtest1UITests" */ = {
			isa = XCConfigurationList;
			buildConfigurations = (
				54F421B21C1A2C8500AC9671 /* Debug */,
				54F421B31C1A2C8500AC9671 /* Release */,
			);
			defaultConfigurationIsVisible = 0;
		};
/* End XCConfigurationList section */
	};
	rootObject = 54F4217B1C1A2C8300AC9671 /* Project object */;
}
